// !$*UTF8*$!
{
	archiveVersion = 1;
	classes = {
	};
	objectVersion = 50;
	objects = {

/* Begin PBXBuildFile section */
		3E8955D525E533F900094529 /* SafariView.swift in Sources */ = {isa = PBXBuildFile; fileRef = 3E8955D425E533F900094529 /* SafariView.swift */; };
		3EC2CC15255FCC2A006CB834 /* MyOkashiApp.swift in Sources */ = {isa = PBXBuildFile; fileRef = 3EC2CC14255FCC2A006CB834 /* MyOkashiApp.swift */; };
		3EC2CC17255FCC2A006CB834 /* ContentView.swift in Sources */ = {isa = PBXBuildFile; fileRef = 3EC2CC16255FCC2A006CB834 /* ContentView.swift */; };
		3EC2CC19255FCC2C006CB834 /* Assets.xcassets in Resources */ = {isa = PBXBuildFile; fileRef = 3EC2CC18255FCC2C006CB834 /* Assets.xcassets */; };
		3EC2CC1C255FCC2C006CB834 /* Preview Assets.xcassets in Resources */ = {isa = PBXBuildFile; fileRef = 3EC2CC1B255FCC2C006CB834 /* Preview Assets.xcassets */; };
		3EC2CC25255FD482006CB834 /* OkashiData.swift in Sources */ = {isa = PBXBuildFile; fileRef = 3EC2CC24255FD482006CB834 /* OkashiData.swift */; };
/* End PBXBuildFile section */

/* Begin PBXFileReference section */
		3E8955D425E533F900094529 /* SafariView.swift */ = {isa = PBXFileReference; lastKnownFileType = sourcecode.swift; path = SafariView.swift; sourceTree = "<group>"; };
		3EC2CC11255FCC2A006CB834 /* MyOkashi.app */ = {isa = PBXFileReference; explicitFileType = wrapper.application; includeInIndex = 0; path = MyOkashi.app; sourceTree = BUILT_PRODUCTS_DIR; };
		3EC2CC14255FCC2A006CB834 /* MyOkashiApp.swift */ = {isa = PBXFileReference; lastKnownFileType = sourcecode.swift; path = MyOkashiApp.swift; sourceTree = "<group>"; };
		3EC2CC16255FCC2A006CB834 /* ContentView.swift */ = {isa = PBXFileReference; lastKnownFileType = sourcecode.swift; path = ContentView.swift; sourceTree = "<group>"; };
		3EC2CC18255FCC2C006CB834 /* Assets.xcassets */ = {isa = PBXFileReference; lastKnownFileType = folder.assetcatalog; path = Assets.xcassets; sourceTree = "<group>"; };
		3EC2CC1B255FCC2C006CB834 /* Preview Assets.xcassets */ = {isa = PBXFileReference; lastKnownFileType = folder.assetcatalog; path = "Preview Assets.xcassets"; sourceTree = "<group>"; };
		3EC2CC1D255FCC2C006CB834 /* Info.plist */ = {isa = PBXFileReference; lastKnownFileType = text.plist.xml; path = Info.plist; sourceTree = "<group>"; };
		3EC2CC24255FD482006CB834 /* OkashiData.swift */ = {isa = PBXFileReference; lastKnownFileType = sourcecode.swift; path = OkashiData.swift; sourceTree = "<group>"; };
/* End PBXFileReference section */

/* Begin PBXFrameworksBuildPhase section */
		3EC2CC0E255FCC2A006CB834 /* Frameworks */ = {
			isa = PBXFrameworksBuildPhase;
			buildActionMask = 2147483647;
			files = (
			);
			runOnlyForDeploymentPostprocessing = 0;
		};
/* End PBXFrameworksBuildPhase section */

/* Begin PBXGroup section */
		3EC2CC08255FCC2A006CB834 = {
			isa = PBXGroup;
			children = (
				3EC2CC13255FCC2A006CB834 /* MyOkashi */,
				3EC2CC12255FCC2A006CB834 /* Products */,
			);
			sourceTree = "<group>";
		};
		3EC2CC12255FCC2A006CB834 /* Products */ = {
			isa = PBXGroup;
			children = (
				3EC2CC11255FCC2A006CB834 /* MyOkashi.app */,
			);
			name = Products;
			sourceTree = "<group>";
		};
		3EC2CC13255FCC2A006CB834 /* MyOkashi */ = {
			isa = PBXGroup;
			children = (
				3EC2CC14255FCC2A006CB834 /* MyOkashiApp.swift */,
				3EC2CC16255FCC2A006CB834 /* ContentView.swift */,
				3EC2CC24255FD482006CB834 /* OkashiData.swift */,
				3E8955D425E533F900094529 /* SafariView.swift */,
				3EC2CC18255FCC2C006CB834 /* Assets.xcassets */,
				3EC2CC1D255FCC2C006CB834 /* Info.plist */,
				3EC2CC1A255FCC2C006CB834 /* Preview Content */,
			);
			path = MyOkashi;
			sourceTree = "<group>";
		};
		3EC2CC1A255FCC2C006CB834 /* Preview Content */ = {
			isa = PBXGroup;
			children = (
				3EC2CC1B255FCC2C006CB834 /* Preview Assets.xcassets */,
			);
			path = "Preview Content";
			sourceTree = "<group>";
		};
/* End PBXGroup section */

/* Begin PBXNativeTarget section */
		3EC2CC10255FCC2A006CB834 /* MyOkashi */ = {
			isa = PBXNativeTarget;
			buildConfigurationList = 3EC2CC20255FCC2C006CB834 /* Build configuration list for PBXNativeTarget "MyOkashi" */;
			buildPhases = (
				3EC2CC0D255FCC2A006CB834 /* Sources */,
				3EC2CC0E255FCC2A006CB834 /* Frameworks */,
				3EC2CC0F255FCC2A006CB834 /* Resources */,
			);
			buildRules = (
			);
			dependencies = (
			);
			name = MyOkashi;
			productName = MyOkashi;
			productReference = 3EC2CC11255FCC2A006CB834 /* MyOkashi.app */;
			productType = "com.apple.product-type.application";
		};
/* End PBXNativeTarget section */

/* Begin PBXProject section */
		3EC2CC09255FCC2A006CB834 /* Project object */ = {
			isa = PBXProject;
			attributes = {
				LastSwiftUpdateCheck = 1220;
				LastUpgradeCheck = 1220;
				TargetAttributes = {
					3EC2CC10255FCC2A006CB834 = {
						CreatedOnToolsVersion = 12.2;
					};
				};
			};
			buildConfigurationList = 3EC2CC0C255FCC2A006CB834 /* Build configuration list for PBXProject "MyOkashi" */;
			compatibilityVersion = "Xcode 9.3";
			developmentRegion = en;
			hasScannedForEncodings = 0;
			knownRegions = (
				en,
				Base,
			);
			mainGroup = 3EC2CC08255FCC2A006CB834;
			productRefGroup = 3EC2CC12255FCC2A006CB834 /* Products */;
			projectDirPath = "";
			projectRoot = "";
			targets = (
				3EC2CC10255FCC2A006CB834 /* MyOkashi */,
			);
		};
/* End PBXProject section */

/* Begin PBXResourcesBuildPhase section */
		3EC2CC0F255FCC2A006CB834 /* Resources */ = {
			isa = PBXResourcesBuildPhase;
			buildActionMask = 2147483647;
			files = (
				3EC2CC1C255FCC2C006CB834 /* Preview Assets.xcassets in Resources */,
				3EC2CC19255FCC2C006CB834 /* Assets.xcassets in Resources */,
			);
			runOnlyForDeploymentPostprocessing = 0;
		};
/* End PBXResourcesBuildPhase section */

/* Begin PBXSourcesBuildPhase section */
		3EC2CC0D255FCC2A006CB834 /* Sources */ = {
			isa = PBXSourcesBuildPhase;
			buildActionMask = 2147483647;
			files = (
				3EC2CC17255FCC2A006CB834 /* ContentView.swift in Sources */,
				3EC2CC25255FD482006CB834 /* OkashiData.swift in Sources */,
				3EC2CC15255FCC2A006CB834 /* MyOkashiApp.swift in Sources */,
				3E8955D525E533F900094529 /* SafariView.swift in Sources */,
			);
			runOnlyForDeploymentPostprocessing = 0;
		};
/* End PBXSourcesBuildPhase section */

/* Begin XCBuildConfiguration section */
		3EC2CC1E255FCC2C006CB834 /* Debug */ = {
			isa = XCBuildConfiguration;
			buildSettings = {
				ALWAYS_SEARCH_USER_PATHS = NO;
				CLANG_ANALYZER_NONNULL = YES;
				CLANG_ANALYZER_NUMBER_OBJECT_CONVERSION = YES_AGGRESSIVE;
				CLANG_CXX_LANGUAGE_STANDARD = "gnu++14";
				CLANG_CXX_LIBRARY = "libc++";
				CLANG_ENABLE_MODULES = YES;
				CLANG_ENABLE_OBJC_ARC = YES;
				CLANG_ENABLE_OBJC_WEAK = YES;
				CLANG_WARN_BLOCK_CAPTURE_AUTORELEASING = YES;
				CLANG_WARN_BOOL_CONVERSION = YES;
				CLANG_WARN_COMMA = YES;
				CLANG_WARN_CONSTANT_CONVERSION = YES;
				CLANG_WARN_DEPRECATED_OBJC_IMPLEMENTATIONS = YES;
				CLANG_WARN_DIRECT_OBJC_ISA_USAGE = YES_ERROR;
				CLANG_WARN_DOCUMENTATION_COMMENTS = YES;
				CLANG_WARN_EMPTY_BODY = YES;
				CLANG_WARN_ENUM_CONVERSION = YES;
				CLANG_WARN_INFINITE_RECURSION = YES;
				CLANG_WARN_INT_CONVERSION = YES;
				CLANG_WARN_NON_LITERAL_NULL_CONVERSION = YES;
				CLANG_WARN_OBJC_IMPLICIT_RETAIN_SELF = YES;
				CLANG_WARN_OBJC_LITERAL_CONVERSION = YES;
				CLANG_WARN_OBJC_ROOT_CLASS = YES_ERROR;
				CLANG_WARN_QUOTED_INCLUDE_IN_FRAMEWORK_HEADER = YES;
				CLANG_WARN_RANGE_LOOP_ANALYSIS = YES;
				CLANG_WARN_STRICT_PROTOTYPES = YES;
				CLANG_WARN_SUSPICIOUS_MOVE = YES;
				CLANG_WARN_UNGUARDED_AVAILABILITY = YES_AGGRESSIVE;
				CLANG_WARN_UNREACHABLE_CODE = YES;
				CLANG_WARN__DUPLICATE_METHOD_MATCH = YES;
				COPY_PHASE_STRIP = NO;
				DEBUG_INFORMATION_FORMAT = dwarf;
				ENABLE_STRICT_OBJC_MSGSEND = YES;
				ENABLE_TESTABILITY = YES;
				GCC_C_LANGUAGE_STANDARD = gnu11;
				GCC_DYNAMIC_NO_PIC = NO;
				GCC_NO_COMMON_BLOCKS = YES;
				GCC_OPTIMIZATION_LEVEL = 0;
				GCC_PREPROCESSOR_DEFINITIONS = (
					"DEBUG=1",
					"$(inherited)",
				);
				GCC_WARN_64_TO_32_BIT_CONVERSION = YES;
				GCC_WARN_ABOUT_RETURN_TYPE = YES_ERROR;
				GCC_WARN_UNDECLARED_SELECTOR = YES;
				GCC_WARN_UNINITIALIZED_AUTOS = YES_AGGRESSIVE;
				GCC_WARN_UNUSED_FUNCTION = YES;
				GCC_WARN_UNUSED_VARIABLE = YES;
				IPHONEOS_DEPLOYMENT_TARGET = 14.2;
				MTL_ENABLE_DEBUG_INFO = INCLUDE_SOURCE;
				MTL_FAST_MATH = YES;
				ONLY_ACTIVE_ARCH = YES;
				SDKROOT = iphoneos;
				SWIFT_ACTIVE_COMPILATION_CONDITIONS = DEBUG;
				SWIFT_OPTIMIZATION_LEVEL = "-Onone";
			};
			name = Debug;
		};
		3EC2CC1F255FCC2C006CB834 /* Release */ = {
			isa = XCBuildConfiguration;
			buildSettings = {
				ALWAYS_SEARCH_USER_PATHS = NO;
				CLANG_ANALYZER_NONNULL = YES;
				CLANG_ANALYZER_NUMBER_OBJECT_CONVERSION = YES_AGGRESSIVE;
				CLANG_CXX_LANGUAGE_STANDARD = "gnu++14";
				CLANG_CXX_LIBRARY = "libc++";
				CLANG_ENABLE_MODULES = YES;
				CLANG_ENABLE_OBJC_ARC = YES;
				CLANG_ENABLE_OBJC_WEAK = YES;
				CLANG_WARN_BLOCK_CAPTURE_AUTORELEASING = YES;
				CLANG_WARN_BOOL_CONVERSION = YES;
				CLANG_WARN_COMMA = YES;
				CLANG_WARN_CONSTANT_CONVERSION = YES;
				CLANG_WARN_DEPRECATED_OBJC_IMPLEMENTATIONS = YES;
				CLANG_WARN_DIRECT_OBJC_ISA_USAGE = YES_ERROR;
				CLANG_WARN_DOCUMENTATION_COMMENTS = YES;
				CLANG_WARN_EMPTY_BODY = YES;
				CLANG_WARN_ENUM_CONVERSION = YES;
				CLANG_WARN_INFINITE_RECURSION = YES;
				CLANG_WARN_INT_CONVERSION = YES;
				CLANG_WARN_NON_LITERAL_NULL_CONVERSION = YES;
				CLANG_WARN_OBJC_IMPLICIT_RETAIN_SELF = YES;
				CLANG_WARN_OBJC_LITERAL_CONVERSION = YES;
				CLANG_WARN_OBJC_ROOT_CLASS = YES_ERROR;
				CLANG_WARN_QUOTED_INCLUDE_IN_FRAMEWORK_HEADER = YES;
				CLANG_WARN_RANGE_LOOP_ANALYSIS = YES;
				CLANG_WARN_STRICT_PROTOTYPES = YES;
				CLANG_WARN_SUSPICIOUS_MOVE = YES;
				CLANG_WARN_UNGUARDED_AVAILABILITY = YES_AGGRESSIVE;
				CLANG_WARN_UNREACHABLE_CODE = YES;
				CLANG_WARN__DUPLICATE_METHOD_MATCH = YES;
				COPY_PHASE_STRIP = NO;
				DEBUG_INFORMATION_FORMAT = "dwarf-with-dsym";
				ENABLE_NS_ASSERTIONS = NO;
				ENABLE_STRICT_OBJC_MSGSEND = YES;
				GCC_C_LANGUAGE_STANDARD = gnu11;
				GCC_NO_COMMON_BLOCKS = YES;
				GCC_WARN_64_TO_32_BIT_CONVERSION = YES;
				GCC_WARN_ABOUT_RETURN_TYPE = YES_ERROR;
				GCC_WARN_UNDECLARED_SELECTOR = YES;
				GCC_WARN_UNINITIALIZED_AUTOS = YES_AGGRESSIVE;
				GCC_WARN_UNUSED_FUNCTION = YES;
				GCC_WARN_UNUSED_VARIABLE = YES;
				IPHONEOS_DEPLOYMENT_TARGET = 14.2;
				MTL_ENABLE_DEBUG_INFO = NO;
				MTL_FAST_MATH = YES;
				SDKROOT = iphoneos;
				SWIFT_COMPILATION_MODE = wholemodule;
				SWIFT_OPTIMIZATION_LEVEL = "-O";
				VALIDATE_PRODUCT = YES;
			};
			name = Release;
		};
		3EC2CC21255FCC2C006CB834 /* Debug */ = {
			isa = XCBuildConfiguration;
			buildSettings = {
				ASSETCATALOG_COMPILER_APPICON_NAME = AppIcon;
				ASSETCATALOG_COMPILER_GLOBAL_ACCENT_COLOR_NAME = AccentColor;
				CODE_SIGN_STYLE = Automatic;
				DEVELOPMENT_ASSET_PATHS = "\"MyOkashi/Preview Content\"";
				ENABLE_PREVIEWS = YES;
				INFOPLIST_FILE = MyOkashi/Info.plist;
				IPHONEOS_DEPLOYMENT_TARGET = 14.0;
				LD_RUNPATH_SEARCH_PATHS = (
					"$(inherited)",
					"@executable_path/Frameworks",
				);
				PRODUCT_BUNDLE_IDENTIFIER = "Swift-Beginners.MyOkashi";
				PRODUCT_NAME = "$(TARGET_NAME)";
				SWIFT_VERSION = 5.0;
				TARGETED_DEVICE_FAMILY = "1,2";
			};
			name = Debug;
		};
		3EC2CC22255FCC2C006CB834 /* Release */ = {
			isa = XCBuildConfiguration;
			buildSettings = {
				ASSETCATALOG_COMPILER_APPICON_NAME = AppIcon;
				ASSETCATALOG_COMPILER_GLOBAL_ACCENT_COLOR_NAME = AccentColor;
				CODE_SIGN_STYLE = Automatic;
				DEVELOPMENT_ASSET_PATHS = "\"MyOkashi/Preview Content\"";
				ENABLE_PREVIEWS = YES;
				INFOPLIST_FILE = MyOkashi/Info.plist;
				IPHONEOS_DEPLOYMENT_TARGET = 14.0;
				LD_RUNPATH_SEARCH_PATHS = (
					"$(inherited)",
					"@executable_path/Frameworks",
				);
				PRODUCT_BUNDLE_IDENTIFIER = "Swift-Beginners.MyOkashi";
				PRODUCT_NAME = "$(TARGET_NAME)";
				SWIFT_VERSION = 5.0;
				TARGETED_DEVICE_FAMILY = "1,2";
			};
			name = Release;
		};
/* End XCBuildConfiguration section */

/* Begin XCConfigurationList section */
		3EC2CC0C255FCC2A006CB834 /* Build configuration list for PBXProject "MyOkashi" */ = {
			isa = XCConfigurationList;
			buildConfigurations = (
				3EC2CC1E255FCC2C006CB834 /* Debug */,
				3EC2CC1F255FCC2C006CB834 /* Release */,
			);
			defaultConfigurationIsVisible = 0;
			defaultConfigurationName = Release;
		};
		3EC2CC20255FCC2C006CB834 /* Build configuration list for PBXNativeTarget "MyOkashi" */ = {
			isa = XCConfigurationList;
			buildConfigurations = (
				3EC2CC21255FCC2C006CB834 /* Debug */,
				3EC2CC22255FCC2C006CB834 /* Release */,
			);
			defaultConfigurationIsVisible = 0;
			defaultConfigurationName = Release;
		};
/* End XCConfigurationList section */
	};
	rootObject = 3EC2CC09255FCC2A006CB834 /* Project object */;
}
